
Microsoft Visual Studio Solution File, Format Version 12.00
# Visual Studio Version 17
VisualStudioVersion = 17.8.34309.116
MinimumVisualStudioVersion = 10.0.40219.1
Project("{2150E333-8FDC-42A3-9474-1A3956D46DE8}") = "Core", "Core", "{492064DA-2846-4708-982E-A76FF67DDFD1}"
EndProject
Project("{9A19103F-16F7-4668-BE54-9A1E7A4F7556}") = "CarBook.Domain", "Core\CarBook.Domain\CarBook.Domain.csproj", "{5962467C-AF28-4A14-A533-AF1A9C9069E1}"
EndProject
Project("{2150E333-8FDC-42A3-9474-1A3956D46DE8}") = "Infrastructure", "Infrastructure", "{19E64B35-9A04-496D-91DA-E4A62D67CDE7}"
EndProject
Project("{9A19103F-16F7-4668-BE54-9A1E7A4F7556}") = "CarBook.Persistance", "Infrastructure\CarBook.Persistance\CarBook.Persistance.csproj", "{CDD9C1D9-C3EB-4270-BDBC-D276D9D59771}"
EndProject
Project("{2150E333-8FDC-42A3-9474-1A3956D46DE8}") = "Presentation", "Presentation", "{D8CEAB0D-884A-4601-B618-AFCF36170B86}"
EndProject
Project("{9A19103F-16F7-4668-BE54-9A1E7A4F7556}") = "CarBook.WebApi", "Presentation\CarBook.WebApi\CarBook.WebApi.csproj", "{3857D98F-7FC0-430F-A8D2-9ED209DE738B}"
EndProject
Project("{9A19103F-16F7-4668-BE54-9A1E7A4F7556}") = "CarBook.Application", "Core\CarBook.Application\CarBook.Application.csproj", "{931537EA-5653-4841-B91E-CF1B1748D464}"
EndProject
Project("{2150E333-8FDC-42A3-9474-1A3956D46DE8}") = "Frontends", "Frontends", "{A273ECE6-5A4F-44F5-B7C8-007F73134079}"
EndProject
Project("{FAE04EC0-301F-11D3-BF4B-00C04F79EFBC}") = "CarBook.WebUI", "Frontends\CarBook.WebUI\CarBook.WebUI.csproj", "{380F47D6-857B-4B59-9426-C5A23F6AD13E}"
EndProject
Global
	GlobalSection(SolutionConfigurationPlatforms) = preSolution
		Debug|Any CPU = Debug|Any CPU
		Release|Any CPU = Release|Any CPU
	EndGlobalSection
	GlobalSection(ProjectConfigurationPlatforms) = postSolution
		{5962467C-AF28-4A14-A533-AF1A9C9069E1}.Debug|Any CPU.ActiveCfg = Debug|Any CPU
		{5962467C-AF28-4A14-A533-AF1A9C9069E1}.Debug|Any CPU.Build.0 = Debug|Any CPU
		{5962467C-AF28-4A14-A533-AF1A9C9069E1}.Release|Any CPU.ActiveCfg = Release|Any CPU
		{5962467C-AF28-4A14-A533-AF1A9C9069E1}.Release|Any CPU.Build.0 = Release|Any CPU
		{CDD9C1D9-C3EB-4270-BDBC-D276D9D59771}.Debug|Any CPU.ActiveCfg = Debug|Any CPU
		{CDD9C1D9-C3EB-4270-BDBC-D276D9D59771}.Debug|Any CPU.Build.0 = Debug|Any CPU
		{CDD9C1D9-C3EB-4270-BDBC-D276D9D59771}.Release|Any CPU.ActiveCfg = Release|Any CPU
		{CDD9C1D9-C3EB-4270-BDBC-D276D9D59771}.Release|Any CPU.Build.0 = Release|Any CPU
		{3857D98F-7FC0-430F-A8D2-9ED209DE738B}.Debug|Any CPU.ActiveCfg = Debug|Any CPU
		{3857D98F-7FC0-430F-A8D2-9ED209DE738B}.Debug|Any CPU.Build.0 = Debug|Any CPU
		{3857D98F-7FC0-430F-A8D2-9ED209DE738B}.Release|Any CPU.ActiveCfg = Release|Any CPU
		{3857D98F-7FC0-430F-A8D2-9ED209DE738B}.Release|Any CPU.Build.0 = Release|Any CPU
		{931537EA-5653-4841-B91E-CF1B1748D464}.Debug|Any CPU.ActiveCfg = Debug|Any CPU
		{931537EA-5653-4841-B91E-CF1B1748D464}.Debug|Any CPU.Build.0 = Debug|Any CPU
		{931537EA-5653-4841-B91E-CF1B1748D464}.Release|Any CPU.ActiveCfg = Release|Any CPU
		{931537EA-5653-4841-B91E-CF1B1748D464}.Release|Any CPU.Build.0 = Release|Any CPU
		{380F47D6-857B-4B59-9426-C5A23F6AD13E}.Debug|Any CPU.ActiveCfg = Debug|Any CPU
		{380F47D6-857B-4B59-9426-C5A23F6AD13E}.Debug|Any CPU.Build.0 = Debug|Any CPU
		{380F47D6-857B-4B59-9426-C5A23F6AD13E}.Release|Any CPU.ActiveCfg = Release|Any CPU
		{380F47D6-857B-4B59-9426-C5A23F6AD13E}.Release|Any CPU.Build.0 = Release|Any CPU
	EndGlobalSection
	GlobalSection(SolutionProperties) = preSolution
		HideSolutionNode = FALSE
	EndGlobalSection
	GlobalSection(NestedProjects) = preSolution
		{5962467C-AF28-4A14-A533-AF1A9C9069E1} = {492064DA-2846-4708-982E-A76FF67DDFD1}
		{CDD9C1D9-C3EB-4270-BDBC-D276D9D59771} = {19E64B35-9A04-496D-91DA-E4A62D67CDE7}
		{3857D98F-7FC0-430F-A8D2-9ED209DE738B} = {D8CEAB0D-884A-4601-B618-AFCF36170B86}
		{931537EA-5653-4841-B91E-CF1B1748D464} = {492064DA-2846-4708-982E-A76FF67DDFD1}
		{380F47D6-857B-4B59-9426-C5A23F6AD13E} = {A273ECE6-5A4F-44F5-B7C8-007F73134079}
	EndGlobalSection
	GlobalSection(ExtensibilityGlobals) = postSolution
		SolutionGuid = {9EA7DEAC-3637-4685-AFE8-55D33054BFE2}
	EndGlobalSection
EndGlobal
